// !$*UTF8*$!
{
	archiveVersion = 1;
	classes = {
	};
	objectVersion = 56;
	objects = {

/* Begin PBXBuildFile section */
		A09B0B542BB81FFE003E18BA /* PinterestCloneMacApp.swift in Sources */ = {isa = PBXBuildFile; fileRef = A09B0B532BB81FFE003E18BA /* PinterestCloneMacApp.swift */; };
		A09B0B562BB81FFE003E18BA /* ContentView.swift in Sources */ = {isa = PBXBuildFile; fileRef = A09B0B552BB81FFE003E18BA /* ContentView.swift */; };
		A09B0B582BB82000003E18BA /* Assets.xcassets in Resources */ = {isa = PBXBuildFile; fileRef = A09B0B572BB82000003E18BA /* Assets.xcassets */; };
		A09B0B5B2BB82000003E18BA /* Preview Assets.xcassets in Resources */ = {isa = PBXBuildFile; fileRef = A09B0B5A2BB82000003E18BA /* Preview Assets.xcassets */; };
		A09B0B652BB82076003E18BA /* Home.swift in Sources */ = {isa = PBXBuildFile; fileRef = A09B0B642BB82076003E18BA /* Home.swift */; };
		A09B0B672BB8213B003E18BA /* BlurView.swift in Sources */ = {isa = PBXBuildFile; fileRef = A09B0B662BB8213B003E18BA /* BlurView.swift */; };
		A09B0B692BB82575003E18BA /* TabButton.swift in Sources */ = {isa = PBXBuildFile; fileRef = A09B0B682BB82575003E18BA /* TabButton.swift */; };
		A09B0B6C2BB84472003E18BA /* SDWebImageSwiftUI in Frameworks */ = {isa = PBXBuildFile; productRef = A09B0B6B2BB84472003E18BA /* SDWebImageSwiftUI */; };
		A09B0B6F2BB844F3003E18BA /* ImageModel.swift in Sources */ = {isa = PBXBuildFile; fileRef = A09B0B6E2BB844F3003E18BA /* ImageModel.swift */; };
		A09B0B722BB84546003E18BA /* ImageViewModel.swift in Sources */ = {isa = PBXBuildFile; fileRef = A09B0B712BB84546003E18BA /* ImageViewModel.swift */; };
/* End PBXBuildFile section */

/* Begin PBXFileReference section */
		A09B0B502BB81FFE003E18BA /* PinterestCloneMac.app */ = {isa = PBXFileReference; explicitFileType = wrapper.application; includeInIndex = 0; path = PinterestCloneMac.app; sourceTree = BUILT_PRODUCTS_DIR; };
		A09B0B532BB81FFE003E18BA /* PinterestCloneMacApp.swift */ = {isa = PBXFileReference; lastKnownFileType = sourcecode.swift; path = PinterestCloneMacApp.swift; sourceTree = "<group>"; };
		A09B0B552BB81FFE003E18BA /* ContentView.swift */ = {isa = PBXFileReference; lastKnownFileType = sourcecode.swift; path = ContentView.swift; sourceTree = "<group>"; };
		A09B0B572BB82000003E18BA /* Assets.xcassets */ = {isa = PBXFileReference; lastKnownFileType = folder.assetcatalog; path = Assets.xcassets; sourceTree = "<group>"; };
		A09B0B5A2BB82000003E18BA /* Preview Assets.xcassets */ = {isa = PBXFileReference; lastKnownFileType = folder.assetcatalog; path = "Preview Assets.xcassets"; sourceTree = "<group>"; };
		A09B0B5C2BB82000003E18BA /* PinterestCloneMac.entitlements */ = {isa = PBXFileReference; lastKnownFileType = text.plist.entitlements; path = PinterestCloneMac.entitlements; sourceTree = "<group>"; };
		A09B0B642BB82076003E18BA /* Home.swift */ = {isa = PBXFileReference; lastKnownFileType = sourcecode.swift; path = Home.swift; sourceTree = "<group>"; };
		A09B0B662BB8213B003E18BA /* BlurView.swift */ = {isa = PBXFileReference; lastKnownFileType = sourcecode.swift; path = BlurView.swift; sourceTree = "<group>"; };
		A09B0B682BB82575003E18BA /* TabButton.swift */ = {isa = PBXFileReference; lastKnownFileType = sourcecode.swift; path = TabButton.swift; sourceTree = "<group>"; };
		A09B0B6E2BB844F3003E18BA /* ImageModel.swift */ = {isa = PBXFileReference; lastKnownFileType = sourcecode.swift; path = ImageModel.swift; sourceTree = "<group>"; };
		A09B0B712BB84546003E18BA /* ImageViewModel.swift */ = {isa = PBXFileReference; lastKnownFileType = sourcecode.swift; path = ImageViewModel.swift; sourceTree = "<group>"; };
/* End PBXFileReference section */

/* Begin PBXFrameworksBuildPhase section */
		A09B0B4D2BB81FFE003E18BA /* Frameworks */ = {
			isa = PBXFrameworksBuildPhase;
			buildActionMask = 2147483647;
			files = (
				A09B0B6C2BB84472003E18BA /* SDWebImageSwiftUI in Frameworks */,
			);
			runOnlyForDeploymentPostprocessing = 0;
		};
/* End PBXFrameworksBuildPhase section */

/* Begin PBXGroup section */
		A09B0B472BB81FFE003E18BA = {
			isa = PBXGroup;
			children = (
				A09B0B522BB81FFE003E18BA /* PinterestCloneMac */,
				A09B0B512BB81FFE003E18BA /* Products */,
			);
			sourceTree = "<group>";
		};
		A09B0B512BB81FFE003E18BA /* Products */ = {
			isa = PBXGroup;
			children = (
				A09B0B502BB81FFE003E18BA /* PinterestCloneMac.app */,
			);
			name = Products;
			sourceTree = "<group>";
		};
		A09B0B522BB81FFE003E18BA /* PinterestCloneMac */ = {
			isa = PBXGroup;
			children = (
				A09B0B702BB84537003E18BA /* ViewModel */,
				A09B0B6D2BB844E7003E18BA /* Model */,
				A09B0B632BB8206A003E18BA /* View */,
				A09B0B532BB81FFE003E18BA /* PinterestCloneMacApp.swift */,
				A09B0B552BB81FFE003E18BA /* ContentView.swift */,
				A09B0B572BB82000003E18BA /* Assets.xcassets */,
				A09B0B5C2BB82000003E18BA /* PinterestCloneMac.entitlements */,
				A09B0B592BB82000003E18BA /* Preview Content */,
			);
			path = PinterestCloneMac;
			sourceTree = "<group>";
		};
		A09B0B592BB82000003E18BA /* Preview Content */ = {
			isa = PBXGroup;
			children = (
				A09B0B5A2BB82000003E18BA /* Preview Assets.xcassets */,
			);
			path = "Preview Content";
			sourceTree = "<group>";
		};
		A09B0B632BB8206A003E18BA /* View */ = {
			isa = PBXGroup;
			children = (
				A09B0B642BB82076003E18BA /* Home.swift */,
				A09B0B662BB8213B003E18BA /* BlurView.swift */,
				A09B0B682BB82575003E18BA /* TabButton.swift */,
			);
			path = View;
			sourceTree = "<group>";
		};
		A09B0B6D2BB844E7003E18BA /* Model */ = {
			isa = PBXGroup;
			children = (
				A09B0B6E2BB844F3003E18BA /* ImageModel.swift */,
			);
			path = Model;
			sourceTree = "<group>";
		};
		A09B0B702BB84537003E18BA /* ViewModel */ = {
			isa = PBXGroup;
			children = (
				A09B0B712BB84546003E18BA /* ImageViewModel.swift */,
			);
			path = ViewModel;
			sourceTree = "<group>";
		};
/* End PBXGroup section */

/* Begin PBXNativeTarget section */
		A09B0B4F2BB81FFE003E18BA /* PinterestCloneMac */ = {
			isa = PBXNativeTarget;
			buildConfigurationList = A09B0B5F2BB82000003E18BA /* Build configuration list for PBXNativeTarget "PinterestCloneMac" */;
			buildPhases = (
				A09B0B4C2BB81FFE003E18BA /* Sources */,
				A09B0B4D2BB81FFE003E18BA /* Frameworks */,
				A09B0B4E2BB81FFE003E18BA /* Resources */,
			);
			buildRules = (
			);
			dependencies = (
			);
			name = PinterestCloneMac;
			packageProductDependencies = (
				A09B0B6B2BB84472003E18BA /* SDWebImageSwiftUI */,
			);
			productName = PinterestCloneMac;
			productReference = A09B0B502BB81FFE003E18BA /* PinterestCloneMac.app */;
			productType = "com.apple.product-type.application";
		};
/* End PBXNativeTarget section */

/* Begin PBXProject section */
		A09B0B482BB81FFE003E18BA /* Project object */ = {
			isa = PBXProject;
			attributes = {
				BuildIndependentTargetsInParallel = 1;
				LastSwiftUpdateCheck = 1530;
				LastUpgradeCheck = 1530;
				TargetAttributes = {
					A09B0B4F2BB81FFE003E18BA = {
						CreatedOnToolsVersion = 15.3;
					};
				};
			};
			buildConfigurationList = A09B0B4B2BB81FFE003E18BA /* Build configuration list for PBXProject "PinterestCloneMac" */;
			compatibilityVersion = "Xcode 14.0";
			developmentRegion = en;
			hasScannedForEncodings = 0;
			knownRegions = (
				en,
				Base,
			);
			mainGroup = A09B0B472BB81FFE003E18BA;
			packageReferences = (
				A09B0B6A2BB84472003E18BA /* XCRemoteSwiftPackageReference "SDWebImageSwiftUI" */,
			);
			productRefGroup = A09B0B512BB81FFE003E18BA /* Products */;
			projectDirPath = "";
			projectRoot = "";
			targets = (
				A09B0B4F2BB81FFE003E18BA /* PinterestCloneMac */,
			);
		};
/* End PBXProject section */

/* Begin PBXResourcesBuildPhase section */
		A09B0B4E2BB81FFE003E18BA /* Resources */ = {
			isa = PBXResourcesBuildPhase;
			buildActionMask = 2147483647;
			files = (
				A09B0B5B2BB82000003E18BA /* Preview Assets.xcassets in Resources */,
				A09B0B582BB82000003E18BA /* Assets.xcassets in Resources */,
			);
			runOnlyForDeploymentPostprocessing = 0;
		};
/* End PBXResourcesBuildPhase section */

/* Begin PBXSourcesBuildPhase section */
		A09B0B4C2BB81FFE003E18BA /* Sources */ = {
			isa = PBXSourcesBuildPhase;
			buildActionMask = 2147483647;
			files = (
				A09B0B722BB84546003E18BA /* ImageViewModel.swift in Sources */,
				A09B0B562BB81FFE003E18BA /* ContentView.swift in Sources */,
				A09B0B6F2BB844F3003E18BA /* ImageModel.swift in Sources */,
				A09B0B672BB8213B003E18BA /* BlurView.swift in Sources */,
				A09B0B652BB82076003E18BA /* Home.swift in Sources */,
				A09B0B692BB82575003E18BA /* TabButton.swift in Sources */,
				A09B0B542BB81FFE003E18BA /* PinterestCloneMacApp.swift in Sources */,
			);
			runOnlyForDeploymentPostprocessing = 0;
		};
/* End PBXSourcesBuildPhase section */

/* Begin XCBuildConfiguration section */
		A09B0B5D2BB82000003E18BA /* Debug */ = {
			isa = XCBuildConfiguration;
			buildSettings = {
				ALWAYS_SEARCH_USER_PATHS = NO;
				ASSETCATALOG_COMPILER_GENERATE_SWIFT_ASSET_SYMBOL_EXTENSIONS = YES;
				CLANG_ANALYZER_NONNULL = YES;
				CLANG_ANALYZER_NUMBER_OBJECT_CONVERSION = YES_AGGRESSIVE;
				CLANG_CXX_LANGUAGE_STANDARD = "gnu++20";
				CLANG_ENABLE_MODULES = YES;
				CLANG_ENABLE_OBJC_ARC = YES;
				CLANG_ENABLE_OBJC_WEAK = YES;
				CLANG_WARN_BLOCK_CAPTURE_AUTORELEASING = YES;
				CLANG_WARN_BOOL_CONVERSION = YES;
				CLANG_WARN_COMMA = YES;
				CLANG_WARN_CONSTANT_CONVERSION = YES;
				CLANG_WARN_DEPRECATED_OBJC_IMPLEMENTATIONS = YES;
				CLANG_WARN_DIRECT_OBJC_ISA_USAGE = YES_ERROR;
				CLANG_WARN_DOCUMENTATION_COMMENTS = YES;
				CLANG_WARN_EMPTY_BODY = YES;
				CLANG_WARN_ENUM_CONVERSION = YES;
				CLANG_WARN_INFINITE_RECURSION = YES;
				CLANG_WARN_INT_CONVERSION = YES;
				CLANG_WARN_NON_LITERAL_NULL_CONVERSION = YES;
				CLANG_WARN_OBJC_IMPLICIT_RETAIN_SELF = YES;
				CLANG_WARN_OBJC_LITERAL_CONVERSION = YES;
				CLANG_WARN_OBJC_ROOT_CLASS = YES_ERROR;
				CLANG_WARN_QUOTED_INCLUDE_IN_FRAMEWORK_HEADER = YES;
				CLANG_WARN_RANGE_LOOP_ANALYSIS = YES;
				CLANG_WARN_STRICT_PROTOTYPES = YES;
				CLANG_WARN_SUSPICIOUS_MOVE = YES;
				CLANG_WARN_UNGUARDED_AVAILABILITY = YES_AGGRESSIVE;
				CLANG_WARN_UNREACHABLE_CODE = YES;
				CLANG_WARN__DUPLICATE_METHOD_MATCH = YES;
				COPY_PHASE_STRIP = NO;
				DEBUG_INFORMATION_FORMAT = dwarf;
				ENABLE_STRICT_OBJC_MSGSEND = YES;
				ENABLE_TESTABILITY = YES;
				ENABLE_USER_SCRIPT_SANDBOXING = YES;
				GCC_C_LANGUAGE_STANDARD = gnu17;
				GCC_DYNAMIC_NO_PIC = NO;
				GCC_NO_COMMON_BLOCKS = YES;
				GCC_OPTIMIZATION_LEVEL = 0;
				GCC_PREPROCESSOR_DEFINITIONS = (
					"DEBUG=1",
					"$(inherited)",
				);
				GCC_WARN_64_TO_32_BIT_CONVERSION = YES;
				GCC_WARN_ABOUT_RETURN_TYPE = YES_ERROR;
				GCC_WARN_UNDECLARED_SELECTOR = YES;
				GCC_WARN_UNINITIALIZED_AUTOS = YES_AGGRESSIVE;
				GCC_WARN_UNUSED_FUNCTION = YES;
				GCC_WARN_UNUSED_VARIABLE = YES;
				LOCALIZATION_PREFERS_STRING_CATALOGS = YES;
				MACOSX_DEPLOYMENT_TARGET = 14.3;
				MTL_ENABLE_DEBUG_INFO = INCLUDE_SOURCE;
				MTL_FAST_MATH = YES;
				ONLY_ACTIVE_ARCH = YES;
				SDKROOT = macosx;
				SWIFT_ACTIVE_COMPILATION_CONDITIONS = "DEBUG $(inherited)";
				SWIFT_OPTIMIZATION_LEVEL = "-Onone";
			};
			name = Debug;
		};
		A09B0B5E2BB82000003E18BA /* Release */ = {
			isa = XCBuildConfiguration;
			buildSettings = {
				ALWAYS_SEARCH_USER_PATHS = NO;
				ASSETCATALOG_COMPILER_GENERATE_SWIFT_ASSET_SYMBOL_EXTENSIONS = YES;
				CLANG_ANALYZER_NONNULL = YES;
				CLANG_ANALYZER_NUMBER_OBJECT_CONVERSION = YES_AGGRESSIVE;
				CLANG_CXX_LANGUAGE_STANDARD = "gnu++20";
				CLANG_ENABLE_MODULES = YES;
				CLANG_ENABLE_OBJC_ARC = YES;
				CLANG_ENABLE_OBJC_WEAK = YES;
				CLANG_WARN_BLOCK_CAPTURE_AUTORELEASING = YES;
				CLANG_WARN_BOOL_CONVERSION = YES;
				CLANG_WARN_COMMA = YES;
				CLANG_WARN_CONSTANT_CONVERSION = YES;
				CLANG_WARN_DEPRECATED_OBJC_IMPLEMENTATIONS = YES;
				CLANG_WARN_DIRECT_OBJC_ISA_USAGE = YES_ERROR;
				CLANG_WARN_DOCUMENTATION_COMMENTS = YES;
				CLANG_WARN_EMPTY_BODY = YES;
				CLANG_WARN_ENUM_CONVERSION = YES;
				CLANG_WARN_INFINITE_RECURSION = YES;
				CLANG_WARN_INT_CONVERSION = YES;
				CLANG_WARN_NON_LITERAL_NULL_CONVERSION = YES;
				CLANG_WARN_OBJC_IMPLICIT_RETAIN_SELF = YES;
				CLANG_WARN_OBJC_LITERAL_CONVERSION = YES;
				CLANG_WARN_OBJC_ROOT_CLASS = YES_ERROR;
				CLANG_WARN_QUOTED_INCLUDE_IN_FRAMEWORK_HEADER = YES;
				CLANG_WARN_RANGE_LOOP_ANALYSIS = YES;
				CLANG_WARN_STRICT_PROTOTYPES = YES;
				CLANG_WARN_SUSPICIOUS_MOVE = YES;
				CLANG_WARN_UNGUARDED_AVAILABILITY = YES_AGGRESSIVE;
				CLANG_WARN_UNREACHABLE_CODE = YES;
				CLANG_WARN__DUPLICATE_METHOD_MATCH = YES;
				COPY_PHASE_STRIP = NO;
				DEBUG_INFORMATION_FORMAT = "dwarf-with-dsym";
				ENABLE_NS_ASSERTIONS = NO;
				ENABLE_STRICT_OBJC_MSGSEND = YES;
				ENABLE_USER_SCRIPT_SANDBOXING = YES;
				GCC_C_LANGUAGE_STANDARD = gnu17;
				GCC_NO_COMMON_BLOCKS = YES;
				GCC_WARN_64_TO_32_BIT_CONVERSION = YES;
				GCC_WARN_ABOUT_RETURN_TYPE = YES_ERROR;
				GCC_WARN_UNDECLARED_SELECTOR = YES;
				GCC_WARN_UNINITIALIZED_AUTOS = YES_AGGRESSIVE;
				GCC_WARN_UNUSED_FUNCTION = YES;
				GCC_WARN_UNUSED_VARIABLE = YES;
				LOCALIZATION_PREFERS_STRING_CATALOGS = YES;
				MACOSX_DEPLOYMENT_TARGET = 14.3;
				MTL_ENABLE_DEBUG_INFO = NO;
				MTL_FAST_MATH = YES;
				SDKROOT = macosx;
				SWIFT_COMPILATION_MODE = wholemodule;
			};
			name = Release;
		};
		A09B0B602BB82000003E18BA /* Debug */ = {
			isa = XCBuildConfiguration;
			buildSettings = {
				ASSETCATALOG_COMPILER_APPICON_NAME = AppIcon;
				ASSETCATALOG_COMPILER_GLOBAL_ACCENT_COLOR_NAME = AccentColor;
				CODE_SIGN_ENTITLEMENTS = PinterestCloneMac/PinterestCloneMac.entitlements;
				CODE_SIGN_STYLE = Automatic;
				COMBINE_HIDPI_IMAGES = YES;
				CURRENT_PROJECT_VERSION = 1;
				DEVELOPMENT_ASSET_PATHS = "\"PinterestCloneMac/Preview Content\"";
				DEVELOPMENT_TEAM = J2TT6HQZJW;
				ENABLE_HARDENED_RUNTIME = YES;
				ENABLE_PREVIEWS = YES;
				GENERATE_INFOPLIST_FILE = YES;
				INFOPLIST_KEY_NSHumanReadableCopyright = "";
				LD_RUNPATH_SEARCH_PATHS = (
					"$(inherited)",
					"@executable_path/../Frameworks",
				);
				MARKETING_VERSION = 1.0;
				PRODUCT_BUNDLE_IDENTIFIER = com.faran..PinterestCloneMac;
				PRODUCT_NAME = "$(TARGET_NAME)";
				SWIFT_EMIT_LOC_STRINGS = YES;
				SWIFT_VERSION = 5.0;
			};
			name = Debug;
		};
		A09B0B612BB82000003E18BA /* Release */ = {
			isa = XCBuildConfiguration;
			buildSettings = {
				ASSETCATALOG_COMPILER_APPICON_NAME = AppIcon;
				ASSETCATALOG_COMPILER_GLOBAL_ACCENT_COLOR_NAME = AccentColor;
				CODE_SIGN_ENTITLEMENTS = PinterestCloneMac/PinterestCloneMac.entitlements;
				CODE_SIGN_STYLE = Automatic;
				COMBINE_HIDPI_IMAGES = YES;
				CURRENT_PROJECT_VERSION = 1;
				DEVELOPMENT_ASSET_PATHS = "\"PinterestCloneMac/Preview Content\"";
				DEVELOPMENT_TEAM = J2TT6HQZJW;
				ENABLE_HARDENED_RUNTIME = YES;
				ENABLE_PREVIEWS = YES;
				GENERATE_INFOPLIST_FILE = YES;
				INFOPLIST_KEY_NSHumanReadableCopyright = "";
				LD_RUNPATH_SEARCH_PATHS = (
					"$(inherited)",
					"@executable_path/../Frameworks",
				);
				MARKETING_VERSION = 1.0;
				PRODUCT_BUNDLE_IDENTIFIER = com.faran..PinterestCloneMac;
				PRODUCT_NAME = "$(TARGET_NAME)";
				SWIFT_EMIT_LOC_STRINGS = YES;
				SWIFT_VERSION = 5.0;
			};
			name = Release;
		};
/* End XCBuildConfiguration section */

/* Begin XCConfigurationList section */
		A09B0B4B2BB81FFE003E18BA /* Build configuration list for PBXProject "PinterestCloneMac" */ = {
			isa = XCConfigurationList;
			buildConfigurations = (
				A09B0B5D2BB82000003E18BA /* Debug */,
				A09B0B5E2BB82000003E18BA /* Release */,
			);
			defaultConfigurationIsVisible = 0;
			defaultConfigurationName = Release;
		};
		A09B0B5F2BB82000003E18BA /* Build configuration list for PBXNativeTarget "PinterestCloneMac" */ = {
			isa = XCConfigurationList;
			buildConfigurations = (
				A09B0B602BB82000003E18BA /* Debug */,
				A09B0B612BB82000003E18BA /* Release */,
			);
			defaultConfigurationIsVisible = 0;
			defaultConfigurationName = Release;
		};
/* End XCConfigurationList section */

/* Begin XCRemoteSwiftPackageReference section */
		A09B0B6A2BB84472003E18BA /* XCRemoteSwiftPackageReference "SDWebImageSwiftUI" */ = {
			isa = XCRemoteSwiftPackageReference;
			repositoryURL = "https://github.com/SDWebImage/SDWebImageSwiftUI.git";
			requirement = {
				kind = upToNextMajorVersion;
				minimumVersion = 3.0.2;
			};
		};
/* End XCRemoteSwiftPackageReference section */

/* Begin XCSwiftPackageProductDependency section */
		A09B0B6B2BB84472003E18BA /* SDWebImageSwiftUI */ = {
			isa = XCSwiftPackageProductDependency;
			package = A09B0B6A2BB84472003E18BA /* XCRemoteSwiftPackageReference "SDWebImageSwiftUI" */;
			productName = SDWebImageSwiftUI;
		};
/* End XCSwiftPackageProductDependency section */
	};
	rootObject = A09B0B482BB81FFE003E18BA /* Project object */;
}
